
Microsoft Visual Studio Solution File, Format Version 12.00
# Visual Studio Version 17
VisualStudioVersion = 17.7.34221.43
MinimumVisualStudioVersion = 10.0.40219.1
Project("{FAE04EC0-301F-11D3-BF4B-00C04F79EFBC}") = "Crud_using_Gridview", "Crud_using_Gridview\Crud_using_Gridview.csproj", "{A35A0651-7972-4EF2-9517-7C293087E458}"
EndProject
Global
	GlobalSection(SolutionConfigurationPlatforms) = preSolution
		Debug|Any CPU = Debug|Any CPU
		Release|Any CPU = Release|Any CPU
	EndGlobalSection
	GlobalSection(ProjectConfigurationPlatforms) = postSolution
		{A35A0651-7972-4EF2-9517-7C293087E458}.Debug|Any CPU.ActiveCfg = Debug|Any CPU
		{A35A0651-7972-4EF2-9517-7C293087E458}.Debug|Any CPU.Build.0 = Debug|Any CPU
		{A35A0651-7972-4EF2-9517-7C293087E458}.Release|Any CPU.ActiveCfg = Release|Any CPU
		{A35A0651-7972-4EF2-9517-7C293087E458}.Release|Any CPU.Build.0 = Release|Any CPU
	EndGlobalSection
	GlobalSection(SolutionProperties) = preSolution
		HideSolutionNode = FALSE
	EndGlobalSection
	GlobalSection(ExtensibilityGlobals) = postSolution
		SolutionGuid = {492B73B4-8691-49A7-97ED-FDD309E8013D}
	EndGlobalSection
EndGlobal
